# This file is automatically @generated by Cargo.
# It is not intended for manual editing.
version = 4

[[package]]
name = "radroots-studio-application"
version = "0.1.0-alpha.0"

[[package]]
name = "radroots-studio-domain"
version = "0.1.0-alpha.0"

[[package]]
name = "radroots-studio-ffi"
version = "0.1.0-alpha.0"

[[package]]
name = "radroots-studio-nostr"
version = "0.1.0-alpha.0"

[[package]]
name = "radroots-studio-storage"
version = "0.1.0-alpha.0"

[[package]]
name = "radroots-studio-uniffi-bindgen"
version = "0.1.0-alpha.0"
